
Microsoft Visual Studio Solution File, Format Version 12.00
# Visual Studio Version 17
VisualStudioVersion = 17.2.32602.215
MinimumVisualStudioVersion = 10.0.40219.1
Project("{9A19103F-16F7-4668-BE54-9A1E7A4F7556}") = "BooksLibrary.Data", "BooksLibrary.Data\BooksLibrary.Data.csproj", "{7046D7AB-C645-47E5-ACC3-C2DC1B705FDA}"
EndProject
Project("{9A19103F-16F7-4668-BE54-9A1E7A4F7556}") = "BooksLibrary.BL", "BooksLibrary.BL\BooksLibrary.BL.csproj", "{2ADFDC6E-0434-4BA6-8E13-60682646A2DC}"
EndProject
Project("{9A19103F-16F7-4668-BE54-9A1E7A4F7556}") = "BooksLibrary.CMD", "BooksLibrary.CMD\BooksLibrary.CMD.csproj", "{049F382F-0308-4165-B803-3FCCC83AC8C2}"
EndProject
Project("{9A19103F-16F7-4668-BE54-9A1E7A4F7556}") = "BooksLibrary.Common", "BooksLibrary.Common\BooksLibrary.Common.csproj", "{2674E3D9-02FF-4BC9-A824-8C5B04D15572}"
EndProject
Project("{FAE04EC0-301F-11D3-BF4B-00C04F79EFBC}") = "BookLibrary.API", "BookLibrary.API\BookLibrary.API.csproj", "{BD57E84B-B1B7-49AA-9625-A9CFF77A51B9}"
EndProject
Global
	GlobalSection(SolutionConfigurationPlatforms) = preSolution
		Debug|Any CPU = Debug|Any CPU
		Release|Any CPU = Release|Any CPU
	EndGlobalSection
	GlobalSection(ProjectConfigurationPlatforms) = postSolution
		{7046D7AB-C645-47E5-ACC3-C2DC1B705FDA}.Debug|Any CPU.ActiveCfg = Debug|Any CPU
		{7046D7AB-C645-47E5-ACC3-C2DC1B705FDA}.Debug|Any CPU.Build.0 = Debug|Any CPU
		{7046D7AB-C645-47E5-ACC3-C2DC1B705FDA}.Release|Any CPU.ActiveCfg = Release|Any CPU
		{7046D7AB-C645-47E5-ACC3-C2DC1B705FDA}.Release|Any CPU.Build.0 = Release|Any CPU
		{2ADFDC6E-0434-4BA6-8E13-60682646A2DC}.Debug|Any CPU.ActiveCfg = Debug|Any CPU
		{2ADFDC6E-0434-4BA6-8E13-60682646A2DC}.Debug|Any CPU.Build.0 = Debug|Any CPU
		{2ADFDC6E-0434-4BA6-8E13-60682646A2DC}.Release|Any CPU.ActiveCfg = Release|Any CPU
		{2ADFDC6E-0434-4BA6-8E13-60682646A2DC}.Release|Any CPU.Build.0 = Release|Any CPU
		{049F382F-0308-4165-B803-3FCCC83AC8C2}.Debug|Any CPU.ActiveCfg = Debug|Any CPU
		{049F382F-0308-4165-B803-3FCCC83AC8C2}.Debug|Any CPU.Build.0 = Debug|Any CPU
		{049F382F-0308-4165-B803-3FCCC83AC8C2}.Release|Any CPU.ActiveCfg = Release|Any CPU
		{049F382F-0308-4165-B803-3FCCC83AC8C2}.Release|Any CPU.Build.0 = Release|Any CPU
		{2674E3D9-02FF-4BC9-A824-8C5B04D15572}.Debug|Any CPU.ActiveCfg = Debug|Any CPU
		{2674E3D9-02FF-4BC9-A824-8C5B04D15572}.Debug|Any CPU.Build.0 = Debug|Any CPU
		{2674E3D9-02FF-4BC9-A824-8C5B04D15572}.Release|Any CPU.ActiveCfg = Release|Any CPU
		{2674E3D9-02FF-4BC9-A824-8C5B04D15572}.Release|Any CPU.Build.0 = Release|Any CPU
		{BD57E84B-B1B7-49AA-9625-A9CFF77A51B9}.Debug|Any CPU.ActiveCfg = Debug|Any CPU
		{BD57E84B-B1B7-49AA-9625-A9CFF77A51B9}.Debug|Any CPU.Build.0 = Debug|Any CPU
		{BD57E84B-B1B7-49AA-9625-A9CFF77A51B9}.Release|Any CPU.ActiveCfg = Release|Any CPU
		{BD57E84B-B1B7-49AA-9625-A9CFF77A51B9}.Release|Any CPU.Build.0 = Release|Any CPU
	EndGlobalSection
	GlobalSection(SolutionProperties) = preSolution
		HideSolutionNode = FALSE
	EndGlobalSection
	GlobalSection(ExtensibilityGlobals) = postSolution
		SolutionGuid = {A2C27434-BBAB-4ACD-8DCC-EDFC8C33DC65}
	EndGlobalSection
EndGlobal
